{
    "_readme": [
        "This file locks the dependencies of your project to a known state",
        "Read more about it at https://getcomposer.org/doc/01-basic-usage.md#installing-dependencies",
        "This file is @generated automatically"
    ],
    "content-hash": "856800e4d74587fec4c9e4ebc694d1b3",
    "packages": [
        {
            "name": "google/recaptcha",
            "version": "1.2",
            "source": {
                "type": "git",
                "url": "https://github.com/google/recaptcha.git",
                "reference": "3875d025d0465f36f32452f614e7ffc1462c889f"
            },
            "dist": {
                "type": "zip",
                "url": "https://api.github.com/repos/google/recaptcha/zipball/3875d025d0465f36f32452f614e7ffc1462c889f",
                "reference": "3875d025d0465f36f32452f614e7ffc1462c889f",
                "shasum": ""
            },
            "require": {
                "php": ">=5.5"
            },
            "require-dev": {
                "friendsofphp/php-cs-fixer": "^2.2.20|^2.12",
                "php-coveralls/php-coveralls": "^2.1",
                "phpunit/phpunit": "^4.8.36|^5.7.27|^6.59|^7"
            },
            "type": "library",
            "extra": {
                "branch-alias": {
                    "dev-master": "1.2.x-dev"
                }
            },
            "autoload": {
                "psr-4": {
                    "ReCaptcha\\": "src/ReCaptcha"
                }
            },
            "notification-url": "https://packagist.org/downloads/",
            "license": [
                "BSD-3-Clause"
            ],
            "description": "Client library for reCAPTCHA, a free service that protects websites from spam and abuse.",
            "homepage": "https://www.google.com/recaptcha/",
            "keywords": [
                "Abuse",
                "captcha",
                "recaptcha",
                "spam"
            ],
            "support": {
                "forum": "https://groups.google.com/forum/#!forum/recaptcha",
                "issues": "https://github.com/google/recaptcha/issues",
                "source": "https://github.com/google/recaptcha"
            },
            "time": "2018-08-01T11:58:31+00:00"
        },
        {
            "name": "ifsnop/mysqldump-php",
            "version": "v2.12",
            "source": {
                "type": "git",
                "url": "https://github.com/ifsnop/mysqldump-php.git",
                "reference": "2d3a43fc0c49f23bf7dee392b0dd1f8c799f89d3"
            },
            "dist": {
                "type": "zip",
                "url": "https://api.github.com/repos/ifsnop/mysqldump-php/zipball/2d3a43fc0c49f23bf7dee392b0dd1f8c799f89d3",
                "reference": "2d3a43fc0c49f23bf7dee392b0dd1f8c799f89d3",
                "shasum": ""
            },
            "require": {
                "php": ">=5.3.0"
            },
            "require-dev": {
                "phpunit/phpunit": "4.8.36",
                "squizlabs/php_codesniffer": "1.*"
            },
            "type": "library",
            "autoload": {
                "psr-4": {
                    "Ifsnop\\": "src/Ifsnop/"
                }
            },
            "notification-url": "https://packagist.org/downloads/",
            "license": [
                "GPL-3.0-or-later"
            ],
            "authors": [
                {
                    "name": "Diego Torres",
                    "homepage": "https://github.com/ifsnop",
                    "role": "Developer"
                }
            ],
            "description": "PHP version of mysqldump cli that comes with MySQL",
            "homepage": "https://github.com/ifsnop/mysqldump-php",
            "keywords": [
                "PHP7",
                "database",
                "hhvm",
                "mariadb",
                "mysql",
                "mysql-backup",
                "mysqldump",
                "pdo",
                "php",
                "php5",
                "sql"
            ],
            "support": {
                "issues": "https://github.com/ifsnop/mysqldump-php/issues",
                "source": "https://github.com/ifsnop/mysqldump-php/tree/v2.12"
            },
            "time": "2023-04-12T07:43:14+00:00"
        },
        {
            "name": "maksym/cache-lib",
            "version": "1.1.1",
            "source": {
                "type": "git",
                "url": "https://github.com/progr000/cache-lib.git",
                "reference": "28c29714e3d3c7099e2eb376440b6af75250aba4"
            },
            "dist": {
                "type": "zip",
                "url": "https://api.github.com/repos/progr000/cache-lib/zipball/28c29714e3d3c7099e2eb376440b6af75250aba4",
                "reference": "28c29714e3d3c7099e2eb376440b6af75250aba4",
                "shasum": ""
            },
            "require": {
                "ext-json": "*",
                "maksym/config-lib": "@stable",
                "maksym/sess-cook-lib": "@stable",
                "php": ">=5.3.0"
            },
            "require-dev": {
                "phpunit/phpunit": "@stable"
            },
            "suggest": {
                "ext-memcached": "Allows to use memcached driver for caching"
            },
            "type": "library",
            "autoload": {
                "psr-4": {
                    "Maksym\\Cache\\": "src/"
                }
            },
            "notification-url": "https://packagist.org/downloads/",
            "license": [
                "MIT"
            ],
            "authors": [
                {
                    "name": "Maksym Haivoronskyi",
                    "email": "maksym.haivoronskyi@gmail.com"
                }
            ],
            "description": "cache lib for small framework",
            "keywords": [
                "cache",
                "lib"
            ],
            "support": {
                "issues": "https://github.com/progr000/cache-lib/issues",
                "source": "https://github.com/progr000/cache-lib/tree/1.1.1"
            },
            "time": "2025-11-14T22:38:34+00:00"
        },
        {
            "name": "maksym/config-lib",
            "version": "1.1.0",
            "source": {
                "type": "git",
                "url": "https://github.com/progr000/config-lib.git",
                "reference": "62ed177e76da1e42b90cdfecda7dc00379ed6950"
            },
            "dist": {
                "type": "zip",
                "url": "https://api.github.com/repos/progr000/config-lib/zipball/62ed177e76da1e42b90cdfecda7dc00379ed6950",
                "reference": "62ed177e76da1e42b90cdfecda7dc00379ed6950",
                "shasum": ""
            },
            "require": {
                "php": ">=5.3.0"
            },
            "require-dev": {
                "phpunit/phpunit": "@stable"
            },
            "type": "library",
            "autoload": {
                "files": [
                    "src/helper.php"
                ],
                "psr-4": {
                    "Maksym\\Config\\": "src/"
                }
            },
            "notification-url": "https://packagist.org/downloads/",
            "license": [
                "MIT"
            ],
            "authors": [
                {
                    "name": "Maksym Haivoronskyi",
                    "email": "maksym.haivoronskyi@gmail.com"
                }
            ],
            "description": "config-package for small framework",
            "keywords": [
                "config",
                "ini"
            ],
            "support": {
                "issues": "https://github.com/progr000/config-lib/issues",
                "source": "https://github.com/progr000/config-lib/tree/1.1.0"
            },
            "time": "2025-11-14T22:16:10+00:00"
        },
        {
            "name": "maksym/db-lib",
            "version": "1.1.1",
            "source": {
                "type": "git",
                "url": "https://github.com/progr000/db-lib.git",
                "reference": "b80ce2f3c3e1929c607997b0537e2d03577a32e6"
            },
            "dist": {
                "type": "zip",
                "url": "https://api.github.com/repos/progr000/db-lib/zipball/b80ce2f3c3e1929c607997b0537e2d03577a32e6",
                "reference": "b80ce2f3c3e1929c607997b0537e2d03577a32e6",
                "shasum": ""
            },
            "require": {
                "ext-mbstring": "*",
                "ext-pdo": "*",
                "maksym/config-lib": "@stable",
                "maksym/helper-functions": "@stable",
                "maksym/log-lib": "@stable",
                "php": ">=5.6.0"
            },
            "require-dev": {
                "phpunit/phpunit": "@stable"
            },
            "type": "library",
            "autoload": {
                "psr-4": {
                    "Maksym\\Db\\": "src/"
                }
            },
            "notification-url": "https://packagist.org/downloads/",
            "license": [
                "MIT"
            ],
            "authors": [
                {
                    "name": "Maksym Haivoronskyi",
                    "email": "maksym.haivoronskyi@gmail.com"
                }
            ],
            "description": "db-package for small framework",
            "keywords": [
                "db",
                "mssql",
                "mysql",
                "pgsql",
                "sqlite"
            ],
            "support": {
                "issues": "https://github.com/progr000/db-lib/issues",
                "source": "https://github.com/progr000/db-lib/tree/1.1.1"
            },
            "time": "2025-11-14T22:35:33+00:00"
        },
        {
            "name": "maksym/helper-functions",
            "version": "1.1.0",
            "source": {
                "type": "git",
                "url": "https://github.com/progr000/helper-functions.git",
                "reference": "357e604d727ecb1f570397532491bd7ef7447d5e"
            },
            "dist": {
                "type": "zip",
                "url": "https://api.github.com/repos/progr000/helper-functions/zipball/357e604d727ecb1f570397532491bd7ef7447d5e",
                "reference": "357e604d727ecb1f570397532491bd7ef7447d5e",
                "shasum": ""
            },
            "require": {
                "ext-mbstring": "*",
                "php": ">=5.3.0"
            },
            "require-dev": {
                "phpunit/phpunit": "@stable"
            },
            "type": "library",
            "autoload": {
                "files": [
                    "src/_autoload.php"
                ]
            },
            "notification-url": "https://packagist.org/downloads/",
            "license": [
                "MIT"
            ],
            "authors": [
                {
                    "name": "Maksym Haivoronskyi",
                    "email": "maksym.haivoronskyi@gmail.com"
                }
            ],
            "description": "helpful functions",
            "keywords": [
                "functions",
                "helper"
            ],
            "support": {
                "issues": "https://github.com/progr000/helper-functions/issues",
                "source": "https://github.com/progr000/helper-functions/tree/1.1.0"
            },
            "time": "2025-10-27T13:40:12+00:00"
        },
        {
            "name": "maksym/log-lib",
            "version": "1.1.0",
            "source": {
                "type": "git",
                "url": "https://github.com/progr000/log-lib.git",
                "reference": "0851f311514e23d93031137714e119e07e32275c"
            },
            "dist": {
                "type": "zip",
                "url": "https://api.github.com/repos/progr000/log-lib/zipball/0851f311514e23d93031137714e119e07e32275c",
                "reference": "0851f311514e23d93031137714e119e07e32275c",
                "shasum": ""
            },
            "require": {
                "ext-mbstring": "*",
                "php": ">=5.6.0"
            },
            "require-dev": {
                "phpunit/phpunit": "@stable"
            },
            "type": "library",
            "autoload": {
                "psr-4": {
                    "Maksym\\Log\\": "src/"
                }
            },
            "notification-url": "https://packagist.org/downloads/",
            "license": [
                "MIT"
            ],
            "authors": [
                {
                    "name": "Maksym Haivoronskyi",
                    "email": "maksym.haivoronskyi@gmail.com"
                }
            ],
            "description": "log-package for small framework",
            "keywords": [
                "log"
            ],
            "support": {
                "issues": "https://github.com/progr000/log-lib/issues",
                "source": "https://github.com/progr000/log-lib/tree/1.1.0"
            },
            "time": "2025-11-02T18:41:58+00:00"
        },
        {
            "name": "maksym/sess-cook-lib",
            "version": "1.1.0",
            "source": {
                "type": "git",
                "url": "https://github.com/progr000/sess-cook-lib.git",
                "reference": "f626d83c09aafe03d5a6b25cb40e4e4274fafb11"
            },
            "dist": {
                "type": "zip",
                "url": "https://api.github.com/repos/progr000/sess-cook-lib/zipball/f626d83c09aafe03d5a6b25cb40e4e4274fafb11",
                "reference": "f626d83c09aafe03d5a6b25cb40e4e4274fafb11",
                "shasum": ""
            },
            "require": {
                "ext-openssl": "*",
                "php": ">=5.3.0"
            },
            "require-dev": {
                "phpunit/phpunit": "@stable"
            },
            "type": "library",
            "autoload": {
                "psr-4": {
                    "Maksym\\SessCook\\": "src/"
                }
            },
            "notification-url": "https://packagist.org/downloads/",
            "license": [
                "MIT"
            ],
            "authors": [
                {
                    "name": "Maksym Haivoronskyi",
                    "email": "maksym.haivoronskyi@gmail.com"
                }
            ],
            "description": "session and cookie package for small framework",
            "keywords": [
                "cookie",
                "lib",
                "sesion"
            ],
            "support": {
                "issues": "https://github.com/progr000/sess-cook-lib/issues",
                "source": "https://github.com/progr000/sess-cook-lib/tree/1.1.0"
            },
            "time": "2025-11-06T10:40:53+00:00"
        },
        {
            "name": "maksym/small-framework-core-lib",
            "version": "0.8.1",
            "source": {
                "type": "git",
                "url": "https://github.com/progr000/small-framework-core-lib.git",
                "reference": "d5dcbceee0fcc9ee9be163ac86f17d38026f71b8"
            },
            "dist": {
                "type": "zip",
                "url": "https://api.github.com/repos/progr000/small-framework-core-lib/zipball/d5dcbceee0fcc9ee9be163ac86f17d38026f71b8",
                "reference": "d5dcbceee0fcc9ee9be163ac86f17d38026f71b8",
                "shasum": ""
            },
            "require": {
                "ext-curl": "*",
                "ext-fileinfo": "*",
                "ext-iconv": "*",
                "ext-json": "*",
                "ext-mbstring": "*",
                "ext-memcached": "*",
                "ext-openssl": "*",
                "ext-pdo": "*",
                "maksym/config-lib": "@stable",
                "maksym/helper-functions": "@stable",
                "maksym/log-lib": "@stable",
                "maksym/sess-cook-lib": "@stable",
                "php": ">=5.6.0"
            },
            "require-dev": {
                "maksym/dumper": "@stable",
                "mockery/mockery": "*",
                "phpunit/phpunit": "@stable"
            },
            "type": "library",
            "autoload": {
                "files": [
                    "src/functions/helpers.php"
                ],
                "psr-4": {
                    "Core\\": "src/"
                }
            },
            "notification-url": "https://packagist.org/downloads/",
            "license": [
                "MIT"
            ],
            "authors": [
                {
                    "name": "Maksym Haivoronskyi",
                    "email": "maksym.haivoronskyi@gmail.com"
                }
            ],
            "description": "Package framework core lib",
            "keywords": [
                "framework"
            ],
            "support": {
                "issues": "https://github.com/progr000/small-framework-core-lib/issues",
                "source": "https://github.com/progr000/small-framework-core-lib/tree/0.8.1"
            },
            "time": "2025-11-14T22:44:07+00:00"
        }
    ],
    "packages-dev": [
        {
            "name": "maksym/debug-panel",
            "version": "1.1.1",
            "source": {
                "type": "git",
                "url": "https://github.com/progr000/debug-panel.git",
                "reference": "88dedf5a87f39cd55832528083c512f0856cc7cf"
            },
            "dist": {
                "type": "zip",
                "url": "https://api.github.com/repos/progr000/debug-panel/zipball/88dedf5a87f39cd55832528083c512f0856cc7cf",
                "reference": "88dedf5a87f39cd55832528083c512f0856cc7cf",
                "shasum": ""
            },
            "require": {
                "ext-json": "*",
                "maksym/dumper": "@stable",
                "maksym/helper-functions": "@stable",
                "php": ">=5.3.0"
            },
            "require-dev": {
                "phpunit/phpunit": "@stable"
            },
            "type": "library",
            "autoload": {
                "psr-4": {
                    "Maksym\\DebugPanel\\": "src/"
                }
            },
            "notification-url": "https://packagist.org/downloads/",
            "license": [
                "MIT"
            ],
            "authors": [
                {
                    "name": "Maksym Haivoronskyi",
                    "email": "maksym.haivoronskyi@gmail.com"
                }
            ],
            "description": "debug-panel",
            "keywords": [
                "debug",
                "panel"
            ],
            "support": {
                "issues": "https://github.com/progr000/debug-panel/issues",
                "source": "https://github.com/progr000/debug-panel/tree/1.1.1"
            },
            "time": "2025-11-14T22:40:58+00:00"
        },
        {
            "name": "maksym/dumper",
            "version": "1.1.0",
            "source": {
                "type": "git",
                "url": "https://github.com/progr000/dumper.git",
                "reference": "2d338c8743a5f95e07aa6ed267b1484758b9c0b7"
            },
            "dist": {
                "type": "zip",
                "url": "https://api.github.com/repos/progr000/dumper/zipball/2d338c8743a5f95e07aa6ed267b1484758b9c0b7",
                "reference": "2d338c8743a5f95e07aa6ed267b1484758b9c0b7",
                "shasum": ""
            },
            "require": {
                "ext-mbstring": "*",
                "php": ">=5.3.0"
            },
            "require-dev": {
                "phpunit/phpunit": "@stable"
            },
            "type": "library",
            "autoload": {
                "files": [
                    "src/functions/dumper.php"
                ]
            },
            "notification-url": "https://packagist.org/downloads/",
            "license": [
                "MIT"
            ],
            "authors": [
                {
                    "name": "Maksym Haivoronskyi",
                    "email": "maksym.haivoronskyi@gmail.com"
                }
            ],
            "description": "Convenient var_dump functions",
            "keywords": [
                "dumper",
                "var_dump"
            ],
            "support": {
                "issues": "https://github.com/progr000/dumper/issues",
                "source": "https://github.com/progr000/dumper/tree/1.1.0"
            },
            "time": "2025-11-12T12:48:26+00:00"
        }
    ],
    "aliases": [],
    "minimum-stability": "stable",
    "stability-flags": {
        "maksym/small-framework-core-lib": 0,
        "maksym/db-lib": 0,
        "maksym/log-lib": 0,
        "maksym/cache-lib": 0,
        "maksym/dumper": 0,
        "maksym/debug-panel": 0
    },
    "prefer-stable": true,
    "prefer-lowest": false,
    "platform": {
        "php": ">=5.6.0",
        "ext-pdo": "*",
        "ext-json": "*",
        "ext-mbstring": "*",
        "ext-fileinfo": "*",
        "ext-openssl": "*"
    },
    "platform-dev": [],
    "plugin-api-version": "2.2.0"
}
